<?xml version="1.0" encoding="UTF-8"?><Scheme version="1.3"><BuildAction><BuildActionEntries><BuildActionEntry buildForTesting="YES" buildForRunning="NO" buildForProfiling="NO" buildForArchiving="NO" buildForAnalyzing="YES"><BuildableReference BuildableIdentifier="primary" BlueprintIdentifier="EBD6D4DFFDFB24A997C8CD76" BuildableName="HappyBodySyncTests.xctest" BlueprintName="HappyBodySyncTests" ReferencedContainer="container:HappyBodySyncTests.xcodeproj"/></BuildActionEntry></BuildActionEntries></BuildAction><TestAction buildConfiguration="Debug" shouldUseLaunchSchemeArgsEnv="YES"><Testables><TestableReference skipped="NO"><BuildableReference BuildableIdentifier="primary" BlueprintIdentifier="EBD6D4DFFDFB24A997C8CD76" BuildableName="HappyBodySyncTests.xctest" BlueprintName="HappyBodySyncTests" ReferencedContainer="container:HappyBodySyncTests.xcodeproj"/></TestableReference></Testables></TestAction></Scheme>