// !$*UTF8*$!
{archiveVersion=1;classes={};objectVersion=56;objects={0A2FAF23DB15330EDF9997D9={isa=PBXFileReference;lastKnownFileType=sourcecode.swift;path="App/AppModel.swift";sourceTree="<group>";};F92B34E62A51E40C9E72E323={isa=PBXBuildFile;fileRef=0A2FAF23DB15330EDF9997D9;};5EA9B9C7605947C7E9298A23={isa=PBXFileReference;lastKnownFileType=sourcecode.swift;path="App/HealthService.swift";sourceTree="<group>";};9C48BEA6C6578F999D946EEE={isa=PBXBuildFile;fileRef=5EA9B9C7605947C7E9298A23;};DCB6DC05181D8C88F92A0946={isa=PBXFileReference;lastKnownFileType=sourcecode.swift;path="Sources/TrainingCore/TrainingCore.swift";sourceTree="<group>";};D9783EDC94067406EDEEDA97={isa=PBXBuildFile;fileRef=DCB6DC05181D8C88F92A0946;};CA234B4DF15DEECA6316B81C={isa=PBXFileReference;lastKnownFileType=sourcecode.swift;path="Tests/AppSyncTests.swift";sourceTree="<group>";};67BE017F629AEA58523B53D7={isa=PBXBuildFile;fileRef=CA234B4DF15DEECA6316B81C;};1B1B6FEC4643C2A4D2299BF9={isa=PBXFileReference;explicitFileType=wrapper.cfbundle;path=HappyBodySyncTests.xctest;sourceTree=BUILT_PRODUCTS_DIR;};72D0BE33883594AF3A3D9E23={isa=PBXGroup;children=(1B1B6FEC4643C2A4D2299BF9,);name=Products;sourceTree="<group>";};73606DFABFB92261B40A1288={isa=PBXGroup;children=(0A2FAF23DB15330EDF9997D9,5EA9B9C7605947C7E9298A23,DCB6DC05181D8C88F92A0946,CA234B4DF15DEECA6316B81C,72D0BE33883594AF3A3D9E23,);sourceTree="<group>";};64140A3D09445938DC917D00={isa=PBXSourcesBuildPhase;buildActionMask=2147483647;files=(F92B34E62A51E40C9E72E323,9C48BEA6C6578F999D946EEE,D9783EDC94067406EDEEDA97,67BE017F629AEA58523B53D7,);runOnlyForDeploymentPostprocessing=0;};1BAABF5807CCA06697438AE0={isa=PBXFrameworksBuildPhase;buildActionMask=2147483647;files=();runOnlyForDeploymentPostprocessing=0;};F97AB5DEB9A5B9FF86256A2A={isa=XCBuildConfiguration;name=Debug;buildSettings={SWIFT_VERSION=5.0;IPHONEOS_DEPLOYMENT_TARGET=17.0;SDKROOT=iphoneos;CLANG_ENABLE_MODULES=YES;SWIFT_OPTIMIZATION_LEVEL="-Onone";};};E07AF905C4F2A697858C1802={isa=XCBuildConfiguration;name=Debug;buildSettings={PRODUCT_NAME="$(TARGET_NAME)";PRODUCT_BUNDLE_IDENTIFIER=com.matrixchen.happybody.synctests;GENERATE_INFOPLIST_FILE=YES;TARGETED_DEVICE_FAMILY=1;SUPPORTED_PLATFORMS="iphoneos iphonesimulator";CODE_SIGNING_ALLOWED=NO;LD_RUNPATH_SEARCH_PATHS="$(inherited) @executable_path/Frameworks @loader_path/Frameworks";};};D0A29246AC9F10C4246BC350={isa=XCBuildConfiguration;name=Release;buildSettings={SWIFT_VERSION=5.0;IPHONEOS_DEPLOYMENT_TARGET=17.0;SDKROOT=iphoneos;CLANG_ENABLE_MODULES=YES;SWIFT_OPTIMIZATION_LEVEL="-Onone";};};168AD8AD4872F52505A9A880={isa=XCBuildConfiguration;name=Release;buildSettings={PRODUCT_NAME="$(TARGET_NAME)";PRODUCT_BUNDLE_IDENTIFIER=com.matrixchen.happybody.synctests;GENERATE_INFOPLIST_FILE=YES;TARGETED_DEVICE_FAMILY=1;SUPPORTED_PLATFORMS="iphoneos iphonesimulator";CODE_SIGNING_ALLOWED=NO;LD_RUNPATH_SEARCH_PATHS="$(inherited) @executable_path/Frameworks @loader_path/Frameworks";};};248743C0F3A8264F85D06F21={isa=XCConfigurationList;buildConfigurations=(F97AB5DEB9A5B9FF86256A2A,D0A29246AC9F10C4246BC350,);defaultConfigurationName=Debug;defaultConfigurationIsVisible=0;};982457A6A33DFECD37721464={isa=XCConfigurationList;buildConfigurations=(E07AF905C4F2A697858C1802,168AD8AD4872F52505A9A880,);defaultConfigurationName=Debug;defaultConfigurationIsVisible=0;};EBD6D4DFFDFB24A997C8CD76={isa=PBXNativeTarget;name=HappyBodySyncTests;productName=HappyBodySyncTests;productType="com.apple.product-type.bundle.unit-test";productReference=1B1B6FEC4643C2A4D2299BF9;buildConfigurationList=982457A6A33DFECD37721464;buildPhases=(64140A3D09445938DC917D00,1BAABF5807CCA06697438AE0,);buildRules=();dependencies=();};5AB1F5CA65EEB43380C49E9B={isa=PBXProject;buildConfigurationList=248743C0F3A8264F85D06F21;compatibilityVersion="Xcode 14.0";developmentRegion=en;knownRegions=(en,Base,);mainGroup=73606DFABFB92261B40A1288;productRefGroup=72D0BE33883594AF3A3D9E23;projectDirPath="";projectRoot="";targets=(EBD6D4DFFDFB24A997C8CD76,);};};rootObject=5AB1F5CA65EEB43380C49E9B;}